
Microsoft Visual Studio Solution File, Format Version 12.00
# Visual Studio Version 17
VisualStudioVersion = 17.0.31903.59
MinimumVisualStudioVersion = 10.0.40219.1
Project("{2150E333-8FDC-42A3-9474-1A3956D46DE8}") = "src", "src", "{827E0CD3-B72D-47B6-A68D-7590B98EB39B}"
EndProject
Project("{FAE04EC0-301F-11D3-BF4B-00C04F79EFBC}") = "JoinClass.Application", "src\JoinClass.Application\JoinClass.Application.csproj", "{1C5E9B91-A774-4CC8-9801-9BF4D452E4D5}"
EndProject
Project("{FAE04EC0-301F-11D3-BF4B-00C04F79EFBC}") = "JoinClass.Domain", "src\JoinClass.Domain\JoinClass.Domain.csproj", "{0434BB14-8FF9-4C7D-82EB-69281396EB1E}"
EndProject
Project("{FAE04EC0-301F-11D3-BF4B-00C04F79EFBC}") = "JoinClass.Infrastructure", "src\JoinClass.Infrastructure\JoinClass.Infrastructure.csproj", "{97A318E1-7B27-4463-98C6-FD2127F7D173}"
EndProject
Project("{FAE04EC0-301F-11D3-BF4B-00C04F79EFBC}") = "JoinClass.UI.App", "src\JoinClass.UI.App\JoinClass.UI.App.csproj", "{E1247FFA-1B9A-4186-8D1B-CC5F5EC28760}"
EndProject
Project("{FAE04EC0-301F-11D3-BF4B-00C04F79EFBC}") = "JoinClass.UI.Portal", "src\JoinClass.UI.Portal\JoinClass.UI.Portal.csproj", "{82A28AB9-0B36-4934-AFF5-1BA4BA0B82D1}"
EndProject
Project("{FAE04EC0-301F-11D3-BF4B-00C04F79EFBC}") = "JoinClass.UI.Shared", "src\JoinClass.UI.Shared\JoinClass.UI.Shared.csproj", "{0DBCBB58-E3F4-44E7-9E22-22EF379F155A}"
EndProject
Project("{2150E333-8FDC-42A3-9474-1A3956D46DE8}") = "tests", "tests", "{0AB3BF05-4346-4AA6-1389-037BE0695223}"
EndProject
Project("{FAE04EC0-301F-11D3-BF4B-00C04F79EFBC}") = "JoinClass.Tests", "tests\JoinClass.Tests\JoinClass.Tests.csproj", "{738C06C0-FEBA-4A0E-A033-C54C3BA1F6C1}"
EndProject
Project("{FAE04EC0-301F-11D3-BF4B-00C04F79EFBC}") = "JoinClass.Web", "src\JoinClass.Web\JoinClass.Web.csproj", "{9D4213A5-C6A3-4BAC-8744-2DCAFA24ABEA}"
EndProject
Global
	GlobalSection(SolutionConfigurationPlatforms) = preSolution
		Debug|Any CPU = Debug|Any CPU
		Debug|x64 = Debug|x64
		Debug|x86 = Debug|x86
		Release|Any CPU = Release|Any CPU
		Release|x64 = Release|x64
		Release|x86 = Release|x86
	EndGlobalSection
	GlobalSection(ProjectConfigurationPlatforms) = postSolution
		{1C5E9B91-A774-4CC8-9801-9BF4D452E4D5}.Debug|Any CPU.ActiveCfg = Debug|Any CPU
		{1C5E9B91-A774-4CC8-9801-9BF4D452E4D5}.Debug|Any CPU.Build.0 = Debug|Any CPU
		{1C5E9B91-A774-4CC8-9801-9BF4D452E4D5}.Debug|x64.ActiveCfg = Debug|Any CPU
		{1C5E9B91-A774-4CC8-9801-9BF4D452E4D5}.Debug|x64.Build.0 = Debug|Any CPU
		{1C5E9B91-A774-4CC8-9801-9BF4D452E4D5}.Debug|x86.ActiveCfg = Debug|Any CPU
		{1C5E9B91-A774-4CC8-9801-9BF4D452E4D5}.Debug|x86.Build.0 = Debug|Any CPU
		{1C5E9B91-A774-4CC8-9801-9BF4D452E4D5}.Release|Any CPU.ActiveCfg = Release|Any CPU
		{1C5E9B91-A774-4CC8-9801-9BF4D452E4D5}.Release|Any CPU.Build.0 = Release|Any CPU
		{1C5E9B91-A774-4CC8-9801-9BF4D452E4D5}.Release|x64.ActiveCfg = Release|Any CPU
		{1C5E9B91-A774-4CC8-9801-9BF4D452E4D5}.Release|x64.Build.0 = Release|Any CPU
		{1C5E9B91-A774-4CC8-9801-9BF4D452E4D5}.Release|x86.ActiveCfg = Release|Any CPU
		{1C5E9B91-A774-4CC8-9801-9BF4D452E4D5}.Release|x86.Build.0 = Release|Any CPU
		{0434BB14-8FF9-4C7D-82EB-69281396EB1E}.Debug|Any CPU.ActiveCfg = Debug|Any CPU
		{0434BB14-8FF9-4C7D-82EB-69281396EB1E}.Debug|Any CPU.Build.0 = Debug|Any CPU
		{0434BB14-8FF9-4C7D-82EB-69281396EB1E}.Debug|x64.ActiveCfg = Debug|Any CPU
		{0434BB14-8FF9-4C7D-82EB-69281396EB1E}.Debug|x64.Build.0 = Debug|Any CPU
		{0434BB14-8FF9-4C7D-82EB-69281396EB1E}.Debug|x86.ActiveCfg = Debug|Any CPU
		{0434BB14-8FF9-4C7D-82EB-69281396EB1E}.Debug|x86.Build.0 = Debug|Any CPU
		{0434BB14-8FF9-4C7D-82EB-69281396EB1E}.Release|Any CPU.ActiveCfg = Release|Any CPU
		{0434BB14-8FF9-4C7D-82EB-69281396EB1E}.Release|Any CPU.Build.0 = Release|Any CPU
		{0434BB14-8FF9-4C7D-82EB-69281396EB1E}.Release|x64.ActiveCfg = Release|Any CPU
		{0434BB14-8FF9-4C7D-82EB-69281396EB1E}.Release|x64.Build.0 = Release|Any CPU
		{0434BB14-8FF9-4C7D-82EB-69281396EB1E}.Release|x86.ActiveCfg = Release|Any CPU
		{0434BB14-8FF9-4C7D-82EB-69281396EB1E}.Release|x86.Build.0 = Release|Any CPU
		{97A318E1-7B27-4463-98C6-FD2127F7D173}.Debug|Any CPU.ActiveCfg = Debug|Any CPU
		{97A318E1-7B27-4463-98C6-FD2127F7D173}.Debug|Any CPU.Build.0 = Debug|Any CPU
		{97A318E1-7B27-4463-98C6-FD2127F7D173}.Debug|x64.ActiveCfg = Debug|Any CPU
		{97A318E1-7B27-4463-98C6-FD2127F7D173}.Debug|x64.Build.0 = Debug|Any CPU
		{97A318E1-7B27-4463-98C6-FD2127F7D173}.Debug|x86.ActiveCfg = Debug|Any CPU
		{97A318E1-7B27-4463-98C6-FD2127F7D173}.Debug|x86.Build.0 = Debug|Any CPU
		{97A318E1-7B27-4463-98C6-FD2127F7D173}.Release|Any CPU.ActiveCfg = Release|Any CPU
		{97A318E1-7B27-4463-98C6-FD2127F7D173}.Release|Any CPU.Build.0 = Release|Any CPU
		{97A318E1-7B27-4463-98C6-FD2127F7D173}.Release|x64.ActiveCfg = Release|Any CPU
		{97A318E1-7B27-4463-98C6-FD2127F7D173}.Release|x64.Build.0 = Release|Any CPU
		{97A318E1-7B27-4463-98C6-FD2127F7D173}.Release|x86.ActiveCfg = Release|Any CPU
		{97A318E1-7B27-4463-98C6-FD2127F7D173}.Release|x86.Build.0 = Release|Any CPU
		{E1247FFA-1B9A-4186-8D1B-CC5F5EC28760}.Debug|Any CPU.ActiveCfg = Debug|Any CPU
		{E1247FFA-1B9A-4186-8D1B-CC5F5EC28760}.Debug|Any CPU.Build.0 = Debug|Any CPU
		{E1247FFA-1B9A-4186-8D1B-CC5F5EC28760}.Debug|x64.ActiveCfg = Debug|Any CPU
		{E1247FFA-1B9A-4186-8D1B-CC5F5EC28760}.Debug|x64.Build.0 = Debug|Any CPU
		{E1247FFA-1B9A-4186-8D1B-CC5F5EC28760}.Debug|x86.ActiveCfg = Debug|Any CPU
		{E1247FFA-1B9A-4186-8D1B-CC5F5EC28760}.Debug|x86.Build.0 = Debug|Any CPU
		{E1247FFA-1B9A-4186-8D1B-CC5F5EC28760}.Release|Any CPU.ActiveCfg = Release|Any CPU
		{E1247FFA-1B9A-4186-8D1B-CC5F5EC28760}.Release|Any CPU.Build.0 = Release|Any CPU
		{E1247FFA-1B9A-4186-8D1B-CC5F5EC28760}.Release|x64.ActiveCfg = Release|Any CPU
		{E1247FFA-1B9A-4186-8D1B-CC5F5EC28760}.Release|x64.Build.0 = Release|Any CPU
		{E1247FFA-1B9A-4186-8D1B-CC5F5EC28760}.Release|x86.ActiveCfg = Release|Any CPU
		{E1247FFA-1B9A-4186-8D1B-CC5F5EC28760}.Release|x86.Build.0 = Release|Any CPU
		{82A28AB9-0B36-4934-AFF5-1BA4BA0B82D1}.Debug|Any CPU.ActiveCfg = Debug|Any CPU
		{82A28AB9-0B36-4934-AFF5-1BA4BA0B82D1}.Debug|Any CPU.Build.0 = Debug|Any CPU
		{82A28AB9-0B36-4934-AFF5-1BA4BA0B82D1}.Debug|x64.ActiveCfg = Debug|Any CPU
		{82A28AB9-0B36-4934-AFF5-1BA4BA0B82D1}.Debug|x64.Build.0 = Debug|Any CPU
		{82A28AB9-0B36-4934-AFF5-1BA4BA0B82D1}.Debug|x86.ActiveCfg = Debug|Any CPU
		{82A28AB9-0B36-4934-AFF5-1BA4BA0B82D1}.Debug|x86.Build.0 = Debug|Any CPU
		{82A28AB9-0B36-4934-AFF5-1BA4BA0B82D1}.Release|Any CPU.ActiveCfg = Release|Any CPU
		{82A28AB9-0B36-4934-AFF5-1BA4BA0B82D1}.Release|Any CPU.Build.0 = Release|Any CPU
		{82A28AB9-0B36-4934-AFF5-1BA4BA0B82D1}.Release|x64.ActiveCfg = Release|Any CPU
		{82A28AB9-0B36-4934-AFF5-1BA4BA0B82D1}.Release|x64.Build.0 = Release|Any CPU
		{82A28AB9-0B36-4934-AFF5-1BA4BA0B82D1}.Release|x86.ActiveCfg = Release|Any CPU
		{82A28AB9-0B36-4934-AFF5-1BA4BA0B82D1}.Release|x86.Build.0 = Release|Any CPU
		{0DBCBB58-E3F4-44E7-9E22-22EF379F155A}.Debug|Any CPU.ActiveCfg = Debug|Any CPU
		{0DBCBB58-E3F4-44E7-9E22-22EF379F155A}.Debug|Any CPU.Build.0 = Debug|Any CPU
		{0DBCBB58-E3F4-44E7-9E22-22EF379F155A}.Debug|x64.ActiveCfg = Debug|Any CPU
		{0DBCBB58-E3F4-44E7-9E22-22EF379F155A}.Debug|x64.Build.0 = Debug|Any CPU
		{0DBCBB58-E3F4-44E7-9E22-22EF379F155A}.Debug|x86.ActiveCfg = Debug|Any CPU
		{0DBCBB58-E3F4-44E7-9E22-22EF379F155A}.Debug|x86.Build.0 = Debug|Any CPU
		{0DBCBB58-E3F4-44E7-9E22-22EF379F155A}.Release|Any CPU.ActiveCfg = Release|Any CPU
		{0DBCBB58-E3F4-44E7-9E22-22EF379F155A}.Release|Any CPU.Build.0 = Release|Any CPU
		{0DBCBB58-E3F4-44E7-9E22-22EF379F155A}.Release|x64.ActiveCfg = Release|Any CPU
		{0DBCBB58-E3F4-44E7-9E22-22EF379F155A}.Release|x64.Build.0 = Release|Any CPU
		{0DBCBB58-E3F4-44E7-9E22-22EF379F155A}.Release|x86.ActiveCfg = Release|Any CPU
		{0DBCBB58-E3F4-44E7-9E22-22EF379F155A}.Release|x86.Build.0 = Release|Any CPU
		{738C06C0-FEBA-4A0E-A033-C54C3BA1F6C1}.Debug|Any CPU.ActiveCfg = Debug|Any CPU
		{738C06C0-FEBA-4A0E-A033-C54C3BA1F6C1}.Debug|Any CPU.Build.0 = Debug|Any CPU
		{738C06C0-FEBA-4A0E-A033-C54C3BA1F6C1}.Debug|x64.ActiveCfg = Debug|Any CPU
		{738C06C0-FEBA-4A0E-A033-C54C3BA1F6C1}.Debug|x64.Build.0 = Debug|Any CPU
		{738C06C0-FEBA-4A0E-A033-C54C3BA1F6C1}.Debug|x86.ActiveCfg = Debug|Any CPU
		{738C06C0-FEBA-4A0E-A033-C54C3BA1F6C1}.Debug|x86.Build.0 = Debug|Any CPU
		{738C06C0-FEBA-4A0E-A033-C54C3BA1F6C1}.Release|Any CPU.ActiveCfg = Release|Any CPU
		{738C06C0-FEBA-4A0E-A033-C54C3BA1F6C1}.Release|Any CPU.Build.0 = Release|Any CPU
		{738C06C0-FEBA-4A0E-A033-C54C3BA1F6C1}.Release|x64.ActiveCfg = Release|Any CPU
		{738C06C0-FEBA-4A0E-A033-C54C3BA1F6C1}.Release|x64.Build.0 = Release|Any CPU
		{738C06C0-FEBA-4A0E-A033-C54C3BA1F6C1}.Release|x86.ActiveCfg = Release|Any CPU
		{738C06C0-FEBA-4A0E-A033-C54C3BA1F6C1}.Release|x86.Build.0 = Release|Any CPU
		{9D4213A5-C6A3-4BAC-8744-2DCAFA24ABEA}.Debug|Any CPU.ActiveCfg = Debug|Any CPU
		{9D4213A5-C6A3-4BAC-8744-2DCAFA24ABEA}.Debug|Any CPU.Build.0 = Debug|Any CPU
		{9D4213A5-C6A3-4BAC-8744-2DCAFA24ABEA}.Debug|x64.ActiveCfg = Debug|Any CPU
		{9D4213A5-C6A3-4BAC-8744-2DCAFA24ABEA}.Debug|x64.Build.0 = Debug|Any CPU
		{9D4213A5-C6A3-4BAC-8744-2DCAFA24ABEA}.Debug|x86.ActiveCfg = Debug|Any CPU
		{9D4213A5-C6A3-4BAC-8744-2DCAFA24ABEA}.Debug|x86.Build.0 = Debug|Any CPU
		{9D4213A5-C6A3-4BAC-8744-2DCAFA24ABEA}.Release|Any CPU.ActiveCfg = Release|Any CPU
		{9D4213A5-C6A3-4BAC-8744-2DCAFA24ABEA}.Release|Any CPU.Build.0 = Release|Any CPU
		{9D4213A5-C6A3-4BAC-8744-2DCAFA24ABEA}.Release|x64.ActiveCfg = Release|Any CPU
		{9D4213A5-C6A3-4BAC-8744-2DCAFA24ABEA}.Release|x64.Build.0 = Release|Any CPU
		{9D4213A5-C6A3-4BAC-8744-2DCAFA24ABEA}.Release|x86.ActiveCfg = Release|Any CPU
		{9D4213A5-C6A3-4BAC-8744-2DCAFA24ABEA}.Release|x86.Build.0 = Release|Any CPU
	EndGlobalSection
	GlobalSection(SolutionProperties) = preSolution
		HideSolutionNode = FALSE
	EndGlobalSection
	GlobalSection(NestedProjects) = preSolution
		{1C5E9B91-A774-4CC8-9801-9BF4D452E4D5} = {827E0CD3-B72D-47B6-A68D-7590B98EB39B}
		{0434BB14-8FF9-4C7D-82EB-69281396EB1E} = {827E0CD3-B72D-47B6-A68D-7590B98EB39B}
		{97A318E1-7B27-4463-98C6-FD2127F7D173} = {827E0CD3-B72D-47B6-A68D-7590B98EB39B}
		{E1247FFA-1B9A-4186-8D1B-CC5F5EC28760} = {827E0CD3-B72D-47B6-A68D-7590B98EB39B}
		{82A28AB9-0B36-4934-AFF5-1BA4BA0B82D1} = {827E0CD3-B72D-47B6-A68D-7590B98EB39B}
		{0DBCBB58-E3F4-44E7-9E22-22EF379F155A} = {827E0CD3-B72D-47B6-A68D-7590B98EB39B}
		{738C06C0-FEBA-4A0E-A033-C54C3BA1F6C1} = {0AB3BF05-4346-4AA6-1389-037BE0695223}
		{9D4213A5-C6A3-4BAC-8744-2DCAFA24ABEA} = {827E0CD3-B72D-47B6-A68D-7590B98EB39B}
	EndGlobalSection
EndGlobal
